{
  "name": "R4.DWeb-DI.05 threeJs",
  "lockfileVersion": 3,
  "requires": true,
  "packages": {
    "": {
      "dependencies": {
        "lil-gui": "^0.19.1"
      }
    },
    "node_modules/lil-gui": {
      "version": "0.19.1",
      "resolved": "https://registry.npmjs.org/lil-gui/-/lil-gui-0.19.1.tgz",
      "integrity": "sha512-9dbIg+UxS8RIROI6OH5gV2KrVE0Cn37bcLOQGF2GKN8ibTxDrUSLzzZfkQR82LnZsgs7DEZOOGfn3zhtd6hk0Q=="
    }
  }
}
